
Microsoft Visual Studio Solution File, Format Version 12.00
# Visual Studio 2012
Project("{FAE04EC0-301F-11D3-BF4B-00C04F79EFBC}") = "StaffWEB", "StaffWEB\StaffWEB.csproj", "{03BB9A93-2B5B-4091-9F56-605AFEE2EFF6}"
EndProject
Project("{FAE04EC0-301F-11D3-BF4B-00C04F79EFBC}") = "StaffClassLibrary", "StaffClassLibrary\StaffClassLibrary.csproj", "{45377010-3A91-401D-B768-E850E8B93BDE}"
EndProject
Global
	GlobalSection(SolutionConfigurationPlatforms) = preSolution
		Debug|Any CPU = Debug|Any CPU
		Release|Any CPU = Release|Any CPU
	EndGlobalSection
	GlobalSection(ProjectConfigurationPlatforms) = postSolution
		{03BB9A93-2B5B-4091-9F56-605AFEE2EFF6}.Debug|Any CPU.ActiveCfg = Debug|Any CPU
		{03BB9A93-2B5B-4091-9F56-605AFEE2EFF6}.Debug|Any CPU.Build.0 = Debug|Any CPU
		{03BB9A93-2B5B-4091-9F56-605AFEE2EFF6}.Release|Any CPU.ActiveCfg = Release|Any CPU
		{03BB9A93-2B5B-4091-9F56-605AFEE2EFF6}.Release|Any CPU.Build.0 = Release|Any CPU
		{45377010-3A91-401D-B768-E850E8B93BDE}.Debug|Any CPU.ActiveCfg = Debug|Any CPU
		{45377010-3A91-401D-B768-E850E8B93BDE}.Debug|Any CPU.Build.0 = Debug|Any CPU
		{45377010-3A91-401D-B768-E850E8B93BDE}.Release|Any CPU.ActiveCfg = Release|Any CPU
		{45377010-3A91-401D-B768-E850E8B93BDE}.Release|Any CPU.Build.0 = Release|Any CPU
	EndGlobalSection
	GlobalSection(SolutionProperties) = preSolution
		HideSolutionNode = FALSE
	EndGlobalSection
EndGlobal
